
Microsoft Visual Studio Solution File, Format Version 11.00
# Visual Studio 2010
Project("{FAE04EC0-301F-11D3-BF4B-00C04F79EFBC}") = "OpenRasta.Codecs.Razor", "openrasta-razor\OpenRasta.Codecs.Razor.csproj", "{4AAB667E-3478-4794-940D-8AA028D586F6}"
EndProject
Global
	GlobalSection(SolutionConfigurationPlatforms) = preSolution
		Debug|Any CPU = Debug|Any CPU
		Release|Any CPU = Release|Any CPU
	EndGlobalSection
	GlobalSection(ProjectConfigurationPlatforms) = postSolution
		{4AAB667E-3478-4794-940D-8AA028D586F6}.Debug|Any CPU.ActiveCfg = Debug|Any CPU
		{4AAB667E-3478-4794-940D-8AA028D586F6}.Debug|Any CPU.Build.0 = Debug|Any CPU
		{4AAB667E-3478-4794-940D-8AA028D586F6}.Release|Any CPU.ActiveCfg = Release|Any CPU
		{4AAB667E-3478-4794-940D-8AA028D586F6}.Release|Any CPU.Build.0 = Release|Any CPU
	EndGlobalSection
	GlobalSection(SolutionProperties) = preSolution
		HideSolutionNode = FALSE
	EndGlobalSection
EndGlobal
