
Microsoft Visual Studio Solution File, Format Version 11.00
# Visual Studio 2010
Project("{FAE04EC0-301F-11D3-BF4B-00C04F79EFBC}") = "OpenRasta.Codecs.Razor", "src\OpenRasta.Codecs.Razor\OpenRasta.Codecs.Razor.csproj", "{4AAB667E-3478-4794-940D-8AA028D586F6}"
EndProject
Project("{FAE04EC0-301F-11D3-BF4B-00C04F79EFBC}") = "OpenRasta.Codecs.Razor.TestApp", "src\OpenRasta.Codecs.Razor.TestApp\OpenRasta.Codecs.Razor.TestApp.csproj", "{C414CEF0-794E-4865-8EB3-042207F51545}"
EndProject
Project("{FAE04EC0-301F-11D3-BF4B-00C04F79EFBC}") = "OpenRasta.Codecs.Razor.Tests", "src\OpenRasta.Codecs.Razor.Tests\OpenRasta.Codecs.Razor.Tests.csproj", "{D5DD25FE-B512-4363-8262-6B2D438BD539}"
EndProject
Project("{FAE04EC0-301F-11D3-BF4B-00C04F79EFBC}") = "OpenRasta.Codecs.Razor.ConsoleTestApp", "src\OpenRasta.Codecs.Razor.ConsoleTestApp\OpenRasta.Codecs.Razor.ConsoleTestApp.csproj", "{8A32AEC8-B8D2-4A22-9443-DC6C0575E563}"
EndProject
Global
	GlobalSection(SolutionConfigurationPlatforms) = preSolution
		Debug|Any CPU = Debug|Any CPU
		Debug|Mixed Platforms = Debug|Mixed Platforms
		Debug|x86 = Debug|x86
		Release|Any CPU = Release|Any CPU
		Release|Mixed Platforms = Release|Mixed Platforms
		Release|x86 = Release|x86
	EndGlobalSection
	GlobalSection(ProjectConfigurationPlatforms) = postSolution
		{4AAB667E-3478-4794-940D-8AA028D586F6}.Debug|Any CPU.ActiveCfg = Debug|Any CPU
		{4AAB667E-3478-4794-940D-8AA028D586F6}.Debug|Any CPU.Build.0 = Debug|Any CPU
		{4AAB667E-3478-4794-940D-8AA028D586F6}.Debug|Mixed Platforms.ActiveCfg = Debug|Any CPU
		{4AAB667E-3478-4794-940D-8AA028D586F6}.Debug|Mixed Platforms.Build.0 = Debug|Any CPU
		{4AAB667E-3478-4794-940D-8AA028D586F6}.Debug|x86.ActiveCfg = Debug|Any CPU
		{4AAB667E-3478-4794-940D-8AA028D586F6}.Release|Any CPU.ActiveCfg = Release|Any CPU
		{4AAB667E-3478-4794-940D-8AA028D586F6}.Release|Any CPU.Build.0 = Release|Any CPU
		{4AAB667E-3478-4794-940D-8AA028D586F6}.Release|Mixed Platforms.ActiveCfg = Release|Any CPU
		{4AAB667E-3478-4794-940D-8AA028D586F6}.Release|Mixed Platforms.Build.0 = Release|Any CPU
		{4AAB667E-3478-4794-940D-8AA028D586F6}.Release|x86.ActiveCfg = Release|Any CPU
		{C414CEF0-794E-4865-8EB3-042207F51545}.Debug|Any CPU.ActiveCfg = Debug|Any CPU
		{C414CEF0-794E-4865-8EB3-042207F51545}.Debug|Any CPU.Build.0 = Debug|Any CPU
		{C414CEF0-794E-4865-8EB3-042207F51545}.Debug|Mixed Platforms.ActiveCfg = Debug|Any CPU
		{C414CEF0-794E-4865-8EB3-042207F51545}.Debug|Mixed Platforms.Build.0 = Debug|Any CPU
		{C414CEF0-794E-4865-8EB3-042207F51545}.Debug|x86.ActiveCfg = Debug|Any CPU
		{C414CEF0-794E-4865-8EB3-042207F51545}.Release|Any CPU.ActiveCfg = Release|Any CPU
		{C414CEF0-794E-4865-8EB3-042207F51545}.Release|Any CPU.Build.0 = Release|Any CPU
		{C414CEF0-794E-4865-8EB3-042207F51545}.Release|Mixed Platforms.ActiveCfg = Release|Any CPU
		{C414CEF0-794E-4865-8EB3-042207F51545}.Release|Mixed Platforms.Build.0 = Release|Any CPU
		{C414CEF0-794E-4865-8EB3-042207F51545}.Release|x86.ActiveCfg = Release|Any CPU
		{D5DD25FE-B512-4363-8262-6B2D438BD539}.Debug|Any CPU.ActiveCfg = Debug|Any CPU
		{D5DD25FE-B512-4363-8262-6B2D438BD539}.Debug|Any CPU.Build.0 = Debug|Any CPU
		{D5DD25FE-B512-4363-8262-6B2D438BD539}.Debug|Mixed Platforms.ActiveCfg = Debug|Any CPU
		{D5DD25FE-B512-4363-8262-6B2D438BD539}.Debug|Mixed Platforms.Build.0 = Debug|Any CPU
		{D5DD25FE-B512-4363-8262-6B2D438BD539}.Debug|x86.ActiveCfg = Debug|Any CPU
		{D5DD25FE-B512-4363-8262-6B2D438BD539}.Release|Any CPU.ActiveCfg = Release|Any CPU
		{D5DD25FE-B512-4363-8262-6B2D438BD539}.Release|Any CPU.Build.0 = Release|Any CPU
		{D5DD25FE-B512-4363-8262-6B2D438BD539}.Release|Mixed Platforms.ActiveCfg = Release|Any CPU
		{D5DD25FE-B512-4363-8262-6B2D438BD539}.Release|Mixed Platforms.Build.0 = Release|Any CPU
		{D5DD25FE-B512-4363-8262-6B2D438BD539}.Release|x86.ActiveCfg = Release|Any CPU
		{8A32AEC8-B8D2-4A22-9443-DC6C0575E563}.Debug|Any CPU.ActiveCfg = Debug|x86
		{8A32AEC8-B8D2-4A22-9443-DC6C0575E563}.Debug|Mixed Platforms.ActiveCfg = Debug|x86
		{8A32AEC8-B8D2-4A22-9443-DC6C0575E563}.Debug|Mixed Platforms.Build.0 = Debug|x86
		{8A32AEC8-B8D2-4A22-9443-DC6C0575E563}.Debug|x86.ActiveCfg = Debug|x86
		{8A32AEC8-B8D2-4A22-9443-DC6C0575E563}.Debug|x86.Build.0 = Debug|x86
		{8A32AEC8-B8D2-4A22-9443-DC6C0575E563}.Release|Any CPU.ActiveCfg = Release|x86
		{8A32AEC8-B8D2-4A22-9443-DC6C0575E563}.Release|Mixed Platforms.ActiveCfg = Release|x86
		{8A32AEC8-B8D2-4A22-9443-DC6C0575E563}.Release|Mixed Platforms.Build.0 = Release|x86
		{8A32AEC8-B8D2-4A22-9443-DC6C0575E563}.Release|x86.ActiveCfg = Release|x86
		{8A32AEC8-B8D2-4A22-9443-DC6C0575E563}.Release|x86.Build.0 = Release|x86
	EndGlobalSection
	GlobalSection(SolutionProperties) = preSolution
		HideSolutionNode = FALSE
	EndGlobalSection
EndGlobal
